
Microsoft Visual Studio Solution File, Format Version 11.00
# Visual Studio 2010
# SharpDevelop 5.1
Project("{FAE04EC0-301F-11D3-BF4B-00C04F79EFBC}") = "AL_WOTC_Fix", "AL_WOTC_Fix\AL_WOTC_Fix.csproj", "{0DD8D7B6-684A-459A-BBBF-05E1120057F1}"
EndProject
Global
	GlobalSection(SolutionConfigurationPlatforms) = preSolution
		Debug|Any CPU = Debug|Any CPU
		Release|Any CPU = Release|Any CPU
	EndGlobalSection
	GlobalSection(ProjectConfigurationPlatforms) = postSolution
		{0DD8D7B6-684A-459A-BBBF-05E1120057F1}.Debug|Any CPU.ActiveCfg = Debug|Any CPU
		{0DD8D7B6-684A-459A-BBBF-05E1120057F1}.Debug|Any CPU.Build.0 = Debug|Any CPU
		{0DD8D7B6-684A-459A-BBBF-05E1120057F1}.Release|Any CPU.ActiveCfg = Release|Any CPU
		{0DD8D7B6-684A-459A-BBBF-05E1120057F1}.Release|Any CPU.Build.0 = Release|Any CPU
	EndGlobalSection
EndGlobal
